// !$*UTF8*$!
{
	archiveVersion = 1;
	classes = {
	};
	objectVersion = 50;
	objects = {

/* Begin PBXBuildFile section */
		BC59BDE02505EAC1005141BD /* AppDelegate.swift in Sources */ = {isa = PBXBuildFile; fileRef = BC59BDDF2505EAC1005141BD /* AppDelegate.swift */; };
		BC59BDE22505EAC1005141BD /* SceneDelegate.swift in Sources */ = {isa = PBXBuildFile; fileRef = BC59BDE12505EAC1005141BD /* SceneDelegate.swift */; };
		BC59BDE72505EAC1005141BD /* Main.storyboard in Resources */ = {isa = PBXBuildFile; fileRef = BC59BDE52505EAC1005141BD /* Main.storyboard */; };
		BC59BDE92505EAC2005141BD /* Assets.xcassets in Resources */ = {isa = PBXBuildFile; fileRef = BC59BDE82505EAC2005141BD /* Assets.xcassets */; };
		BC59BDEC2505EAC2005141BD /* LaunchScreen.storyboard in Resources */ = {isa = PBXBuildFile; fileRef = BC59BDEA2505EAC2005141BD /* LaunchScreen.storyboard */; };
		BC59BDF42505FA10005141BD /* TableViewController.swift in Sources */ = {isa = PBXBuildFile; fileRef = BC59BDF32505FA10005141BD /* TableViewController.swift */; };
		BC59BDF62506164B005141BD /* addListViewController.swift in Sources */ = {isa = PBXBuildFile; fileRef = BC59BDF52506164B005141BD /* addListViewController.swift */; };
/* End PBXBuildFile section */

/* Begin PBXFileReference section */
		BC59BDDC2505EAC1005141BD /* TableViewApp2.app */ = {isa = PBXFileReference; explicitFileType = wrapper.application; includeInIndex = 0; path = TableViewApp2.app; sourceTree = BUILT_PRODUCTS_DIR; };
		BC59BDDF2505EAC1005141BD /* AppDelegate.swift */ = {isa = PBXFileReference; lastKnownFileType = sourcecode.swift; path = AppDelegate.swift; sourceTree = "<group>"; };
		BC59BDE12505EAC1005141BD /* SceneDelegate.swift */ = {isa = PBXFileReference; lastKnownFileType = sourcecode.swift; path = SceneDelegate.swift; sourceTree = "<group>"; };
		BC59BDE62505EAC1005141BD /* Base */ = {isa = PBXFileReference; lastKnownFileType = file.storyboard; name = Base; path = Base.lproj/Main.storyboard; sourceTree = "<group>"; };
		BC59BDE82505EAC2005141BD /* Assets.xcassets */ = {isa = PBXFileReference; lastKnownFileType = folder.assetcatalog; path = Assets.xcassets; sourceTree = "<group>"; };
		BC59BDEB2505EAC2005141BD /* Base */ = {isa = PBXFileReference; lastKnownFileType = file.storyboard; name = Base; path = Base.lproj/LaunchScreen.storyboard; sourceTree = "<group>"; };
		BC59BDED2505EAC2005141BD /* Info.plist */ = {isa = PBXFileReference; lastKnownFileType = text.plist.xml; path = Info.plist; sourceTree = "<group>"; };
		BC59BDF32505FA10005141BD /* TableViewController.swift */ = {isa = PBXFileReference; lastKnownFileType = sourcecode.swift; path = TableViewController.swift; sourceTree = "<group>"; };
		BC59BDF52506164B005141BD /* addListViewController.swift */ = {isa = PBXFileReference; lastKnownFileType = sourcecode.swift; path = addListViewController.swift; sourceTree = "<group>"; };
/* End PBXFileReference section */

/* Begin PBXFrameworksBuildPhase section */
		BC59BDD92505EAC1005141BD /* Frameworks */ = {
			isa = PBXFrameworksBuildPhase;
			buildActionMask = 2147483647;
			files = (
			);
			runOnlyForDeploymentPostprocessing = 0;
		};
/* End PBXFrameworksBuildPhase section */

/* Begin PBXGroup section */
		BC59BDD32505EAC1005141BD = {
			isa = PBXGroup;
			children = (
				BC59BDDE2505EAC1005141BD /* TableViewApp2 */,
				BC59BDDD2505EAC1005141BD /* Products */,
			);
			sourceTree = "<group>";
		};
		BC59BDDD2505EAC1005141BD /* Products */ = {
			isa = PBXGroup;
			children = (
				BC59BDDC2505EAC1005141BD /* TableViewApp2.app */,
			);
			name = Products;
			sourceTree = "<group>";
		};
		BC59BDDE2505EAC1005141BD /* TableViewApp2 */ = {
			isa = PBXGroup;
			children = (
				BC59BDDF2505EAC1005141BD /* AppDelegate.swift */,
				BC59BDE12505EAC1005141BD /* SceneDelegate.swift */,
				BC59BDF32505FA10005141BD /* TableViewController.swift */,
				BC59BDF52506164B005141BD /* addListViewController.swift */,
				BC59BDE52505EAC1005141BD /* Main.storyboard */,
				BC59BDE82505EAC2005141BD /* Assets.xcassets */,
				BC59BDEA2505EAC2005141BD /* LaunchScreen.storyboard */,
				BC59BDED2505EAC2005141BD /* Info.plist */,
			);
			path = TableViewApp2;
			sourceTree = "<group>";
		};
/* End PBXGroup section */

/* Begin PBXNativeTarget section */
		BC59BDDB2505EAC1005141BD /* TableViewApp2 */ = {
			isa = PBXNativeTarget;
			buildConfigurationList = BC59BDF02505EAC2005141BD /* Build configuration list for PBXNativeTarget "TableViewApp2" */;
			buildPhases = (
				BC59BDD82505EAC1005141BD /* Sources */,
				BC59BDD92505EAC1005141BD /* Frameworks */,
				BC59BDDA2505EAC1005141BD /* Resources */,
			);
			buildRules = (
			);
			dependencies = (
			);
			name = TableViewApp2;
			productName = TableViewApp2;
			productReference = BC59BDDC2505EAC1005141BD /* TableViewApp2.app */;
			productType = "com.apple.product-type.application";
		};
/* End PBXNativeTarget section */

/* Begin PBXProject section */
		BC59BDD42505EAC1005141BD /* Project object */ = {
			isa = PBXProject;
			attributes = {
				LastSwiftUpdateCheck = 1170;
				LastUpgradeCheck = 1170;
				ORGANIZATIONNAME = shuichiama.com;
				TargetAttributes = {
					BC59BDDB2505EAC1005141BD = {
						CreatedOnToolsVersion = 11.7;
					};
				};
			};
			buildConfigurationList = BC59BDD72505EAC1005141BD /* Build configuration list for PBXProject "TableViewApp2" */;
			compatibilityVersion = "Xcode 9.3";
			developmentRegion = en;
			hasScannedForEncodings = 0;
			knownRegions = (
				en,
				Base,
			);
			mainGroup = BC59BDD32505EAC1005141BD;
			productRefGroup = BC59BDDD2505EAC1005141BD /* Products */;
			projectDirPath = "";
			projectRoot = "";
			targets = (
				BC59BDDB2505EAC1005141BD /* TableViewApp2 */,
			);
		};
/* End PBXProject section */

/* Begin PBXResourcesBuildPhase section */
		BC59BDDA2505EAC1005141BD /* Resources */ = {
			isa = PBXResourcesBuildPhase;
			buildActionMask = 2147483647;
			files = (
				BC59BDEC2505EAC2005141BD /* LaunchScreen.storyboard in Resources */,
				BC59BDE92505EAC2005141BD /* Assets.xcassets in Resources */,
				BC59BDE72505EAC1005141BD /* Main.storyboard in Resources */,
			);
			runOnlyForDeploymentPostprocessing = 0;
		};
/* End PBXResourcesBuildPhase section */

/* Begin PBXSourcesBuildPhase section */
		BC59BDD82505EAC1005141BD /* Sources */ = {
			isa = PBXSourcesBuildPhase;
			buildActionMask = 2147483647;
			files = (
				BC59BDE02505EAC1005141BD /* AppDelegate.swift in Sources */,
				BC59BDF42505FA10005141BD /* TableViewController.swift in Sources */,
				BC59BDF62506164B005141BD /* addListViewController.swift in Sources */,
				BC59BDE22505EAC1005141BD /* SceneDelegate.swift in Sources */,
			);
			runOnlyForDeploymentPostprocessing = 0;
		};
/* End PBXSourcesBuildPhase section */

/* Begin PBXVariantGroup section */
		BC59BDE52505EAC1005141BD /* Main.storyboard */ = {
			isa = PBXVariantGroup;
			children = (
				BC59BDE62505EAC1005141BD /* Base */,
			);
			name = Main.storyboard;
			sourceTree = "<group>";
		};
		BC59BDEA2505EAC2005141BD /* LaunchScreen.storyboard */ = {
			isa = PBXVariantGroup;
			children = (
				BC59BDEB2505EAC2005141BD /* Base */,
			);
			name = LaunchScreen.storyboard;
			sourceTree = "<group>";
		};
/* End PBXVariantGroup section */

/* Begin XCBuildConfiguration section */
		BC59BDEE2505EAC2005141BD /* Debug */ = {
			isa = XCBuildConfiguration;
			buildSettings = {
				ALWAYS_SEARCH_USER_PATHS = NO;
				CLANG_ANALYZER_NONNULL = YES;
				CLANG_ANALYZER_NUMBER_OBJECT_CONVERSION = YES_AGGRESSIVE;
				CLANG_CXX_LANGUAGE_STANDARD = "gnu++14";
				CLANG_CXX_LIBRARY = "libc++";
				CLANG_ENABLE_MODULES = YES;
				CLANG_ENABLE_OBJC_ARC = YES;
				CLANG_ENABLE_OBJC_WEAK = YES;
				CLANG_WARN_BLOCK_CAPTURE_AUTORELEASING = YES;
				CLANG_WARN_BOOL_CONVERSION = YES;
				CLANG_WARN_COMMA = YES;
				CLANG_WARN_CONSTANT_CONVERSION = YES;
				CLANG_WARN_DEPRECATED_OBJC_IMPLEMENTATIONS = YES;
				CLANG_WARN_DIRECT_OBJC_ISA_USAGE = YES_ERROR;
				CLANG_WARN_DOCUMENTATION_COMMENTS = YES;
				CLANG_WARN_EMPTY_BODY = YES;
				CLANG_WARN_ENUM_CONVERSION = YES;
				CLANG_WARN_INFINITE_RECURSION = YES;
				CLANG_WARN_INT_CONVERSION = YES;
				CLANG_WARN_NON_LITERAL_NULL_CONVERSION = YES;
				CLANG_WARN_OBJC_IMPLICIT_RETAIN_SELF = YES;
				CLANG_WARN_OBJC_LITERAL_CONVERSION = YES;
				CLANG_WARN_OBJC_ROOT_CLASS = YES_ERROR;
				CLANG_WARN_RANGE_LOOP_ANALYSIS = YES;
				CLANG_WARN_STRICT_PROTOTYPES = YES;
				CLANG_WARN_SUSPICIOUS_MOVE = YES;
				CLANG_WARN_UNGUARDED_AVAILABILITY = YES_AGGRESSIVE;
				CLANG_WARN_UNREACHABLE_CODE = YES;
				CLANG_WARN__DUPLICATE_METHOD_MATCH = YES;
				COPY_PHASE_STRIP = NO;
				DEBUG_INFORMATION_FORMAT = dwarf;
				ENABLE_STRICT_OBJC_MSGSEND = YES;
				ENABLE_TESTABILITY = YES;
				GCC_C_LANGUAGE_STANDARD = gnu11;
				GCC_DYNAMIC_NO_PIC = NO;
				GCC_NO_COMMON_BLOCKS = YES;
				GCC_OPTIMIZATION_LEVEL = 0;
				GCC_PREPROCESSOR_DEFINITIONS = (
					"DEBUG=1",
					"$(inherited)",
				);
				GCC_WARN_64_TO_32_BIT_CONVERSION = YES;
				GCC_WARN_ABOUT_RETURN_TYPE = YES_ERROR;
				GCC_WARN_UNDECLARED_SELECTOR = YES;
				GCC_WARN_UNINITIALIZED_AUTOS = YES_AGGRESSIVE;
				GCC_WARN_UNUSED_FUNCTION = YES;
				GCC_WARN_UNUSED_VARIABLE = YES;
				IPHONEOS_DEPLOYMENT_TARGET = 13.7;
				MTL_ENABLE_DEBUG_INFO = INCLUDE_SOURCE;
				MTL_FAST_MATH = YES;
				ONLY_ACTIVE_ARCH = YES;
				SDKROOT = iphoneos;
				SWIFT_ACTIVE_COMPILATION_CONDITIONS = DEBUG;
				SWIFT_OPTIMIZATION_LEVEL = "-Onone";
			};
			name = Debug;
		};
		BC59BDEF2505EAC2005141BD /* Release */ = {
			isa = XCBuildConfiguration;
			buildSettings = {
				ALWAYS_SEARCH_USER_PATHS = NO;
				CLANG_ANALYZER_NONNULL = YES;
				CLANG_ANALYZER_NUMBER_OBJECT_CONVERSION = YES_AGGRESSIVE;
				CLANG_CXX_LANGUAGE_STANDARD = "gnu++14";
				CLANG_CXX_LIBRARY = "libc++";
				CLANG_ENABLE_MODULES = YES;
				CLANG_ENABLE_OBJC_ARC = YES;
				CLANG_ENABLE_OBJC_WEAK = YES;
				CLANG_WARN_BLOCK_CAPTURE_AUTORELEASING = YES;
				CLANG_WARN_BOOL_CONVERSION = YES;
				CLANG_WARN_COMMA = YES;
				CLANG_WARN_CONSTANT_CONVERSION = YES;
				CLANG_WARN_DEPRECATED_OBJC_IMPLEMENTATIONS = YES;
				CLANG_WARN_DIRECT_OBJC_ISA_USAGE = YES_ERROR;
				CLANG_WARN_DOCUMENTATION_COMMENTS = YES;
				CLANG_WARN_EMPTY_BODY = YES;
				CLANG_WARN_ENUM_CONVERSION = YES;
				CLANG_WARN_INFINITE_RECURSION = YES;
				CLANG_WARN_INT_CONVERSION = YES;
				CLANG_WARN_NON_LITERAL_NULL_CONVERSION = YES;
				CLANG_WARN_OBJC_IMPLICIT_RETAIN_SELF = YES;
				CLANG_WARN_OBJC_LITERAL_CONVERSION = YES;
				CLANG_WARN_OBJC_ROOT_CLASS = YES_ERROR;
				CLANG_WARN_RANGE_LOOP_ANALYSIS = YES;
				CLANG_WARN_STRICT_PROTOTYPES = YES;
				CLANG_WARN_SUSPICIOUS_MOVE = YES;
				CLANG_WARN_UNGUARDED_AVAILABILITY = YES_AGGRESSIVE;
				CLANG_WARN_UNREACHABLE_CODE = YES;
				CLANG_WARN__DUPLICATE_METHOD_MATCH = YES;
				COPY_PHASE_STRIP = NO;
				DEBUG_INFORMATION_FORMAT = "dwarf-with-dsym";
				ENABLE_NS_ASSERTIONS = NO;
				ENABLE_STRICT_OBJC_MSGSEND = YES;
				GCC_C_LANGUAGE_STANDARD = gnu11;
				GCC_NO_COMMON_BLOCKS = YES;
				GCC_WARN_64_TO_32_BIT_CONVERSION = YES;
				GCC_WARN_ABOUT_RETURN_TYPE = YES_ERROR;
				GCC_WARN_UNDECLARED_SELECTOR = YES;
				GCC_WARN_UNINITIALIZED_AUTOS = YES_AGGRESSIVE;
				GCC_WARN_UNUSED_FUNCTION = YES;
				GCC_WARN_UNUSED_VARIABLE = YES;
				IPHONEOS_DEPLOYMENT_TARGET = 13.7;
				MTL_ENABLE_DEBUG_INFO = NO;
				MTL_FAST_MATH = YES;
				SDKROOT = iphoneos;
				SWIFT_COMPILATION_MODE = wholemodule;
				SWIFT_OPTIMIZATION_LEVEL = "-O";
				VALIDATE_PRODUCT = YES;
			};
			name = Release;
		};
		BC59BDF12505EAC2005141BD /* Debug */ = {
			isa = XCBuildConfiguration;
			buildSettings = {
				ASSETCATALOG_COMPILER_APPICON_NAME = AppIcon;
				CODE_SIGN_STYLE = Automatic;
				DEVELOPMENT_TEAM = 9T9W9H48HD;
				INFOPLIST_FILE = TableViewApp2/Info.plist;
				LD_RUNPATH_SEARCH_PATHS = (
					"$(inherited)",
					"@executable_path/Frameworks",
				);
				PRODUCT_BUNDLE_IDENTIFIER = com.shuichiama.TableViewApp2;
				PRODUCT_NAME = "$(TARGET_NAME)";
				SWIFT_VERSION = 5.0;
				TARGETED_DEVICE_FAMILY = "1,2";
			};
			name = Debug;
		};
		BC59BDF22505EAC2005141BD /* Release */ = {
			isa = XCBuildConfiguration;
			buildSettings = {
				ASSETCATALOG_COMPILER_APPICON_NAME = AppIcon;
				CODE_SIGN_STYLE = Automatic;
				DEVELOPMENT_TEAM = 9T9W9H48HD;
				INFOPLIST_FILE = TableViewApp2/Info.plist;
				LD_RUNPATH_SEARCH_PATHS = (
					"$(inherited)",
					"@executable_path/Frameworks",
				);
				PRODUCT_BUNDLE_IDENTIFIER = com.shuichiama.TableViewApp2;
				PRODUCT_NAME = "$(TARGET_NAME)";
				SWIFT_VERSION = 5.0;
				TARGETED_DEVICE_FAMILY = "1,2";
			};
			name = Release;
		};
/* End XCBuildConfiguration section */

/* Begin XCConfigurationList section */
		BC59BDD72505EAC1005141BD /* Build configuration list for PBXProject "TableViewApp2" */ = {
			isa = XCConfigurationList;
			buildConfigurations = (
				BC59BDEE2505EAC2005141BD /* Debug */,
				BC59BDEF2505EAC2005141BD /* Release */,
			);
			defaultConfigurationIsVisible = 0;
			defaultConfigurationName = Release;
		};
		BC59BDF02505EAC2005141BD /* Build configuration list for PBXNativeTarget "TableViewApp2" */ = {
			isa = XCConfigurationList;
			buildConfigurations = (
				BC59BDF12505EAC2005141BD /* Debug */,
				BC59BDF22505EAC2005141BD /* Release */,
			);
			defaultConfigurationIsVisible = 0;
			defaultConfigurationName = Release;
		};
/* End XCConfigurationList section */
	};
	rootObject = BC59BDD42505EAC1005141BD /* Project object */;
}
